
Microsoft Visual Studio Solution File, Format Version 12.00
# Visual Studio Version 16
VisualStudioVersion = 16.0.30309.148
MinimumVisualStudioVersion = 10.0.40219.1
Project("{FAE04EC0-301F-11D3-BF4B-00C04F79EFBC}") = "ConsoleApp1", "ConsoleApp1\ConsoleApp1.csproj", "{3236C425-7B88-47CF-8718-F67BC70FFF59}"
EndProject
Global
	GlobalSection(SolutionConfigurationPlatforms) = preSolution
		Debug|Any CPU = Debug|Any CPU
		Release|Any CPU = Release|Any CPU
	EndGlobalSection
	GlobalSection(ProjectConfigurationPlatforms) = postSolution
		{3236C425-7B88-47CF-8718-F67BC70FFF59}.Debug|Any CPU.ActiveCfg = Debug|Any CPU
		{3236C425-7B88-47CF-8718-F67BC70FFF59}.Debug|Any CPU.Build.0 = Debug|Any CPU
		{3236C425-7B88-47CF-8718-F67BC70FFF59}.Release|Any CPU.ActiveCfg = Release|Any CPU
		{3236C425-7B88-47CF-8718-F67BC70FFF59}.Release|Any CPU.Build.0 = Release|Any CPU
	EndGlobalSection
	GlobalSection(SolutionProperties) = preSolution
		HideSolutionNode = FALSE
	EndGlobalSection
	GlobalSection(ExtensibilityGlobals) = postSolution
		SolutionGuid = {99A15668-536E-4DCA-9A63-2D099A6B35F5}
	EndGlobalSection
EndGlobal
